
Microsoft Visual Studio Solution File, Format Version 12.00
# Visual Studio 15
VisualStudioVersion = 15.0.27703.2042
MinimumVisualStudioVersion = 10.0.40219.1
Project("{FAE04EC0-301F-11D3-BF4B-00C04F79EFBC}") = "HtmlMeSomething", "HtmlMeSomething\HtmlMeSomething.csproj", "{F458CA48-8AE0-4022-8D7C-AD2E08ECFFCF}"
EndProject
Global
	GlobalSection(SolutionConfigurationPlatforms) = preSolution
		Debug|Any CPU = Debug|Any CPU
		Release|Any CPU = Release|Any CPU
	EndGlobalSection
	GlobalSection(ProjectConfigurationPlatforms) = postSolution
		{F458CA48-8AE0-4022-8D7C-AD2E08ECFFCF}.Debug|Any CPU.ActiveCfg = Debug|Any CPU
		{F458CA48-8AE0-4022-8D7C-AD2E08ECFFCF}.Debug|Any CPU.Build.0 = Debug|Any CPU
		{F458CA48-8AE0-4022-8D7C-AD2E08ECFFCF}.Release|Any CPU.ActiveCfg = Release|Any CPU
		{F458CA48-8AE0-4022-8D7C-AD2E08ECFFCF}.Release|Any CPU.Build.0 = Release|Any CPU
	EndGlobalSection
	GlobalSection(SolutionProperties) = preSolution
		HideSolutionNode = FALSE
	EndGlobalSection
	GlobalSection(ExtensibilityGlobals) = postSolution
		SolutionGuid = {C30DC4EE-F888-415C-A733-B5E5C5F22B1D}
	EndGlobalSection
EndGlobal
